
Microsoft Visual Studio Solution File, Format Version 12.00
# Visual Studio Version 16
VisualStudioVersion = 16.0.30621.155
MinimumVisualStudioVersion = 10.0.40219.1
Project("{FAE04EC0-301F-11D3-BF4B-00C04F79EFBC}") = "Sqrt-Longhand", "Sqrt-Longhand.csproj", "{771611C3-04B5-4876-AE73-89F6F26C5597}"
EndProject
Global
	GlobalSection(SolutionConfigurationPlatforms) = preSolution
		Debug|Any CPU = Debug|Any CPU
		Debug|x64 = Debug|x64
		Release|Any CPU = Release|Any CPU
		Release|x64 = Release|x64
	EndGlobalSection
	GlobalSection(ProjectConfigurationPlatforms) = postSolution
		{771611C3-04B5-4876-AE73-89F6F26C5597}.Debug|Any CPU.ActiveCfg = Debug|Any CPU
		{771611C3-04B5-4876-AE73-89F6F26C5597}.Debug|Any CPU.Build.0 = Debug|Any CPU
		{771611C3-04B5-4876-AE73-89F6F26C5597}.Debug|x64.ActiveCfg = Debug|x64
		{771611C3-04B5-4876-AE73-89F6F26C5597}.Debug|x64.Build.0 = Debug|x64
		{771611C3-04B5-4876-AE73-89F6F26C5597}.Release|Any CPU.ActiveCfg = Release|Any CPU
		{771611C3-04B5-4876-AE73-89F6F26C5597}.Release|Any CPU.Build.0 = Release|Any CPU
		{771611C3-04B5-4876-AE73-89F6F26C5597}.Release|x64.ActiveCfg = Release|x64
		{771611C3-04B5-4876-AE73-89F6F26C5597}.Release|x64.Build.0 = Release|x64
	EndGlobalSection
	GlobalSection(SolutionProperties) = preSolution
		HideSolutionNode = FALSE
	EndGlobalSection
	GlobalSection(ExtensibilityGlobals) = postSolution
		SolutionGuid = {3FAF3959-8304-46FA-AAD2-42C322309604}
	EndGlobalSection
EndGlobal
